<Solution>
  <Folder Name="/solutionItems/">
    <File Path="LICENSE.txt" />
    <File Path="README.md" />
  </Folder>
  <Folder Name="/workflows/">
    <File Path=".github/workflows/deploy-gh-pages.yml" />
  </Folder>
  <Project Path="Codespirals.Blazor.WebsiteTemplate/DNDHinwil.Website.csproj" />
</Solution>
